
Microsoft Visual Studio Solution File, Format Version 12.00
# Visual Studio Version 16
VisualStudioVersion = 16.0.31025.194
MinimumVisualStudioVersion = 10.0.40219.1
Project("{FAE04EC0-301F-11D3-BF4B-00C04F79EFBC}") = "Regedit", "Regedit\Regedit.csproj", "{C3D45C48-8543-49B5-B993-822FCFE1CA75}"
EndProject
Global
	GlobalSection(SolutionConfigurationPlatforms) = preSolution
		Debug|Any CPU = Debug|Any CPU
		Release|Any CPU = Release|Any CPU
	EndGlobalSection
	GlobalSection(ProjectConfigurationPlatforms) = postSolution
		{C3D45C48-8543-49B5-B993-822FCFE1CA75}.Debug|Any CPU.ActiveCfg = Debug|Any CPU
		{C3D45C48-8543-49B5-B993-822FCFE1CA75}.Debug|Any CPU.Build.0 = Debug|Any CPU
		{C3D45C48-8543-49B5-B993-822FCFE1CA75}.Release|Any CPU.ActiveCfg = Release|Any CPU
		{C3D45C48-8543-49B5-B993-822FCFE1CA75}.Release|Any CPU.Build.0 = Release|Any CPU
	EndGlobalSection
	GlobalSection(SolutionProperties) = preSolution
		HideSolutionNode = FALSE
	EndGlobalSection
	GlobalSection(ExtensibilityGlobals) = postSolution
		SolutionGuid = {F9C76CBD-7872-426D-AEE6-560F2E39359D}
	EndGlobalSection
EndGlobal
