
Microsoft Visual Studio Solution File, Format Version 12.00
# Visual Studio Version 16
VisualStudioVersion = 16.0.29123.88
MinimumVisualStudioVersion = 10.0.40219.1
Project("{FAE04EC0-301F-11D3-BF4B-00C04F79EFBC}") = "Netstat", "Netstat\Netstat.csproj", "{1fe221b4-ccfa-4982-b6cb-f5b8d70757c8}"
EndProject
Global
	GlobalSection(SolutionConfigurationPlatforms) = preSolution
		Debug|Any CPU = Debug|Any CPU
		Release|Any CPU = Release|Any CPU
	EndGlobalSection
	GlobalSection(ProjectConfigurationPlatforms) = postSolution
		{1fe221b4-ccfa-4982-b6cb-f5b8d70757c8}.Debug|Any CPU.ActiveCfg = Debug|Any CPU
		{1fe221b4-ccfa-4982-b6cb-f5b8d70757c8}.Debug|Any CPU.Build.0 = Debug|Any CPU
		{1fe221b4-ccfa-4982-b6cb-f5b8d70757c8}.Release|Any CPU.ActiveCfg = Release|Any CPU
		{1fe221b4-ccfa-4982-b6cb-f5b8d70757c8}.Release|Any CPU.Build.0 = Release|Any CPU
	EndGlobalSection
	GlobalSection(SolutionProperties) = preSolution
		HideSolutionNode = FALSE
	EndGlobalSection
	GlobalSection(ExtensibilityGlobals) = postSolution
		SolutionGuid = {C9F86219-B52B-4BDB-AE41-C0B5E74ADC63}
	EndGlobalSection
EndGlobal
