
Microsoft Visual Studio Solution File, Format Version 12.00
# Visual Studio Version 16
VisualStudioVersion = 16.0.31025.194
MinimumVisualStudioVersion = 10.0.40219.1
Project("{FAE04EC0-301F-11D3-BF4B-00C04F79EFBC}") = "Fun", "Fun\Fun.csproj", "{8BF244EB-0CA3-403E-A076-F1D77731A728}"
EndProject
Global
	GlobalSection(SolutionConfigurationPlatforms) = preSolution
		Debug|Any CPU = Debug|Any CPU
		Release|Any CPU = Release|Any CPU
	EndGlobalSection
	GlobalSection(ProjectConfigurationPlatforms) = postSolution
		{8BF244EB-0CA3-403E-A076-F1D77731A728}.Debug|Any CPU.ActiveCfg = Debug|Any CPU
		{8BF244EB-0CA3-403E-A076-F1D77731A728}.Debug|Any CPU.Build.0 = Debug|Any CPU
		{8BF244EB-0CA3-403E-A076-F1D77731A728}.Release|Any CPU.ActiveCfg = Release|Any CPU
		{8BF244EB-0CA3-403E-A076-F1D77731A728}.Release|Any CPU.Build.0 = Release|Any CPU
	EndGlobalSection
	GlobalSection(SolutionProperties) = preSolution
		HideSolutionNode = FALSE
	EndGlobalSection
	GlobalSection(ExtensibilityGlobals) = postSolution
		SolutionGuid = {0FF38EE7-8F2A-4F1B-B780-EB87E3048A48}
	EndGlobalSection
EndGlobal
